
Microsoft Visual Studio Solution File, Format Version 12.00
# Visual Studio 15
VisualStudioVersion = 15.0.28307.271
MinimumVisualStudioVersion = 10.0.40219.1
Project("{FAE04EC0-301F-11D3-BF4B-00C04F79EFBC}") = "Lab2", "Lab2\Lab2.csproj", "{3AF208BC-CC04-4E21-B715-66E852428236}"
EndProject
Global
	GlobalSection(SolutionConfigurationPlatforms) = preSolution
		Debug|Any CPU = Debug|Any CPU
		Release|Any CPU = Release|Any CPU
	EndGlobalSection
	GlobalSection(ProjectConfigurationPlatforms) = postSolution
		{3AF208BC-CC04-4E21-B715-66E852428236}.Debug|Any CPU.ActiveCfg = Debug|Any CPU
		{3AF208BC-CC04-4E21-B715-66E852428236}.Debug|Any CPU.Build.0 = Debug|Any CPU
		{3AF208BC-CC04-4E21-B715-66E852428236}.Release|Any CPU.ActiveCfg = Release|Any CPU
		{3AF208BC-CC04-4E21-B715-66E852428236}.Release|Any CPU.Build.0 = Release|Any CPU
	EndGlobalSection
	GlobalSection(SolutionProperties) = preSolution
		HideSolutionNode = FALSE
	EndGlobalSection
	GlobalSection(ExtensibilityGlobals) = postSolution
		SolutionGuid = {C0EB4F3E-9011-46E5-B2EA-23E0A00871A6}
	EndGlobalSection
EndGlobal
