
Microsoft Visual Studio Solution File, Format Version 12.00
# Visual Studio 15
VisualStudioVersion = 15.0.28307.852
MinimumVisualStudioVersion = 10.0.40219.1
Project("{FAE04EC0-301F-11D3-BF4B-00C04F79EFBC}") = "Lab14", "Lab14 1\Lab14.csproj", "{F3B9A059-699F-4587-89F2-140B4089C36B}"
EndProject
Global
	GlobalSection(SolutionConfigurationPlatforms) = preSolution
		Debug|Any CPU = Debug|Any CPU
		Release|Any CPU = Release|Any CPU
	EndGlobalSection
	GlobalSection(ProjectConfigurationPlatforms) = postSolution
		{F3B9A059-699F-4587-89F2-140B4089C36B}.Debug|Any CPU.ActiveCfg = Debug|Any CPU
		{F3B9A059-699F-4587-89F2-140B4089C36B}.Debug|Any CPU.Build.0 = Debug|Any CPU
		{F3B9A059-699F-4587-89F2-140B4089C36B}.Release|Any CPU.ActiveCfg = Release|Any CPU
		{F3B9A059-699F-4587-89F2-140B4089C36B}.Release|Any CPU.Build.0 = Release|Any CPU
	EndGlobalSection
	GlobalSection(SolutionProperties) = preSolution
		HideSolutionNode = FALSE
	EndGlobalSection
	GlobalSection(ExtensibilityGlobals) = postSolution
		SolutionGuid = {CC55056F-A870-4614-8E1E-4A4FCE231CF1}
	EndGlobalSection
EndGlobal
