
Microsoft Visual Studio Solution File, Format Version 12.00
# Visual Studio Version 16
VisualStudioVersion = 16.0.29806.167
MinimumVisualStudioVersion = 10.0.40219.1
Project("{8BC9CEB8-8B4A-11D0-8D11-00A0C91BC942}") = "1", "1\1.vcxproj", "{FAF811CC-C7A5-49C7-BCA1-2EB3888C364A}"
EndProject
Global
	GlobalSection(SolutionConfigurationPlatforms) = preSolution
		Debug|x64 = Debug|x64
		Debug|x86 = Debug|x86
		Release|x64 = Release|x64
		Release|x86 = Release|x86
	EndGlobalSection
	GlobalSection(ProjectConfigurationPlatforms) = postSolution
		{FAF811CC-C7A5-49C7-BCA1-2EB3888C364A}.Debug|x64.ActiveCfg = Debug|x64
		{FAF811CC-C7A5-49C7-BCA1-2EB3888C364A}.Debug|x64.Build.0 = Debug|x64
		{FAF811CC-C7A5-49C7-BCA1-2EB3888C364A}.Debug|x86.ActiveCfg = Debug|Win32
		{FAF811CC-C7A5-49C7-BCA1-2EB3888C364A}.Debug|x86.Build.0 = Debug|Win32
		{FAF811CC-C7A5-49C7-BCA1-2EB3888C364A}.Release|x64.ActiveCfg = Release|x64
		{FAF811CC-C7A5-49C7-BCA1-2EB3888C364A}.Release|x64.Build.0 = Release|x64
		{FAF811CC-C7A5-49C7-BCA1-2EB3888C364A}.Release|x86.ActiveCfg = Release|Win32
		{FAF811CC-C7A5-49C7-BCA1-2EB3888C364A}.Release|x86.Build.0 = Release|Win32
	EndGlobalSection
	GlobalSection(SolutionProperties) = preSolution
		HideSolutionNode = FALSE
	EndGlobalSection
	GlobalSection(ExtensibilityGlobals) = postSolution
		SolutionGuid = {40608197-4BCB-4E1B-B060-16DC2EEDA0EB}
	EndGlobalSection
EndGlobal
