
Microsoft Visual Studio Solution File, Format Version 12.00
# Visual Studio Version 16
VisualStudioVersion = 16.0.31005.135
MinimumVisualStudioVersion = 10.0.40219.1
Project("{8BC9CEB8-8B4A-11D0-8D11-00A0C91BC942}") = "OS15", "OS15\OS15.vcxproj", "{3B07EB57-932B-42D3-812C-E338CA5950CD}"
EndProject
Project("{8BC9CEB8-8B4A-11D0-8D11-00A0C91BC942}") = "OS13_HTCOM", "OS13_HTCOM\OS13_HTCOM.vcxproj", "{5EEA0037-B788-4DA2-AC91-F74B1C730B81}"
EndProject
Project("{8BC9CEB8-8B4A-11D0-8D11-00A0C91BC942}") = "OS13_LIB", "OS13_LIB\OS13_LIB.vcxproj", "{4536FC91-BD0D-4335-B0B9-0F3FE168E009}"
EndProject
Project("{8BC9CEB8-8B4A-11D0-8D11-00A0C91BC942}") = "OS13_Create", "OS13_Create\OS13_Create.vcxproj", "{2C923D9D-F7B9-40F8-8602-BC9412D3291D}"
EndProject
Project("{8BC9CEB8-8B4A-11D0-8D11-00A0C91BC942}") = "OS13_Start", "OS13_Start\OS13_Start.vcxproj", "{AF167CE4-C8DE-4534-82F7-C2883A81331F}"
EndProject
Project("{8BC9CEB8-8B4A-11D0-8D11-00A0C91BC942}") = "OS13_Ctop", "OS13_Ctop\OS13_Ctop.vcxproj", "{023813C5-D540-4BF8-A487-1E86C4F2A45B}"
EndProject
Project("{8BC9CEB8-8B4A-11D0-8D11-00A0C91BC942}") = "OS13_Insert", "OS13_Insert\OS13_Insert.vcxproj", "{16963E98-BBB5-4A32-9939-B2FD9B1A0E4E}"
EndProject
Project("{8BC9CEB8-8B4A-11D0-8D11-00A0C91BC942}") = "OS13_Delete", "OS13_Delete\OS13_Delete.vcxproj", "{7E98A7D2-B1F5-4973-8A2B-31724FFD5787}"
EndProject
Project("{8BC9CEB8-8B4A-11D0-8D11-00A0C91BC942}") = "OS13_Update", "OS13_Update\OS13_Update.vcxproj", "{76F2F9C7-8797-4958-9B79-ACA6452D6E82}"
EndProject
Project("{8BC9CEB8-8B4A-11D0-8D11-00A0C91BC942}") = "OS14", "OS14\OS14.vcxproj", "{43231DAB-E924-4CE7-AC07-5F2DE34A42E6}"
EndProject
Project("{8BC9CEB8-8B4A-11D0-8D11-00A0C91BC942}") = "RegistrationService", "RegistrationService\RegistrationService.vcxproj", "{D91B7A5F-49E7-4934-B79A-EB0B263D8049}"
EndProject
Global
	GlobalSection(SolutionConfigurationPlatforms) = preSolution
		Debug|x64 = Debug|x64
		Debug|x86 = Debug|x86
		Release|x64 = Release|x64
		Release|x86 = Release|x86
	EndGlobalSection
	GlobalSection(ProjectConfigurationPlatforms) = postSolution
		{3B07EB57-932B-42D3-812C-E338CA5950CD}.Debug|x64.ActiveCfg = Debug|x64
		{3B07EB57-932B-42D3-812C-E338CA5950CD}.Debug|x64.Build.0 = Debug|x64
		{3B07EB57-932B-42D3-812C-E338CA5950CD}.Debug|x86.ActiveCfg = Debug|Win32
		{3B07EB57-932B-42D3-812C-E338CA5950CD}.Debug|x86.Build.0 = Debug|Win32
		{3B07EB57-932B-42D3-812C-E338CA5950CD}.Release|x64.ActiveCfg = Release|x64
		{3B07EB57-932B-42D3-812C-E338CA5950CD}.Release|x64.Build.0 = Release|x64
		{3B07EB57-932B-42D3-812C-E338CA5950CD}.Release|x86.ActiveCfg = Release|Win32
		{3B07EB57-932B-42D3-812C-E338CA5950CD}.Release|x86.Build.0 = Release|Win32
		{5EEA0037-B788-4DA2-AC91-F74B1C730B81}.Debug|x64.ActiveCfg = Debug|x64
		{5EEA0037-B788-4DA2-AC91-F74B1C730B81}.Debug|x64.Build.0 = Debug|x64
		{5EEA0037-B788-4DA2-AC91-F74B1C730B81}.Debug|x86.ActiveCfg = Debug|Win32
		{5EEA0037-B788-4DA2-AC91-F74B1C730B81}.Debug|x86.Build.0 = Debug|Win32
		{5EEA0037-B788-4DA2-AC91-F74B1C730B81}.Release|x64.ActiveCfg = Release|x64
		{5EEA0037-B788-4DA2-AC91-F74B1C730B81}.Release|x64.Build.0 = Release|x64
		{5EEA0037-B788-4DA2-AC91-F74B1C730B81}.Release|x86.ActiveCfg = Release|Win32
		{5EEA0037-B788-4DA2-AC91-F74B1C730B81}.Release|x86.Build.0 = Release|Win32
		{4536FC91-BD0D-4335-B0B9-0F3FE168E009}.Debug|x64.ActiveCfg = Debug|x64
		{4536FC91-BD0D-4335-B0B9-0F3FE168E009}.Debug|x64.Build.0 = Debug|x64
		{4536FC91-BD0D-4335-B0B9-0F3FE168E009}.Debug|x86.ActiveCfg = Debug|Win32
		{4536FC91-BD0D-4335-B0B9-0F3FE168E009}.Debug|x86.Build.0 = Debug|Win32
		{4536FC91-BD0D-4335-B0B9-0F3FE168E009}.Release|x64.ActiveCfg = Release|x64
		{4536FC91-BD0D-4335-B0B9-0F3FE168E009}.Release|x64.Build.0 = Release|x64
		{4536FC91-BD0D-4335-B0B9-0F3FE168E009}.Release|x86.ActiveCfg = Release|Win32
		{4536FC91-BD0D-4335-B0B9-0F3FE168E009}.Release|x86.Build.0 = Release|Win32
		{2C923D9D-F7B9-40F8-8602-BC9412D3291D}.Debug|x64.ActiveCfg = Debug|x64
		{2C923D9D-F7B9-40F8-8602-BC9412D3291D}.Debug|x64.Build.0 = Debug|x64
		{2C923D9D-F7B9-40F8-8602-BC9412D3291D}.Debug|x86.ActiveCfg = Debug|Win32
		{2C923D9D-F7B9-40F8-8602-BC9412D3291D}.Debug|x86.Build.0 = Debug|Win32
		{2C923D9D-F7B9-40F8-8602-BC9412D3291D}.Release|x64.ActiveCfg = Release|x64
		{2C923D9D-F7B9-40F8-8602-BC9412D3291D}.Release|x64.Build.0 = Release|x64
		{2C923D9D-F7B9-40F8-8602-BC9412D3291D}.Release|x86.ActiveCfg = Release|Win32
		{2C923D9D-F7B9-40F8-8602-BC9412D3291D}.Release|x86.Build.0 = Release|Win32
		{AF167CE4-C8DE-4534-82F7-C2883A81331F}.Debug|x64.ActiveCfg = Debug|x64
		{AF167CE4-C8DE-4534-82F7-C2883A81331F}.Debug|x64.Build.0 = Debug|x64
		{AF167CE4-C8DE-4534-82F7-C2883A81331F}.Debug|x86.ActiveCfg = Debug|Win32
		{AF167CE4-C8DE-4534-82F7-C2883A81331F}.Debug|x86.Build.0 = Debug|Win32
		{AF167CE4-C8DE-4534-82F7-C2883A81331F}.Release|x64.ActiveCfg = Release|x64
		{AF167CE4-C8DE-4534-82F7-C2883A81331F}.Release|x64.Build.0 = Release|x64
		{AF167CE4-C8DE-4534-82F7-C2883A81331F}.Release|x86.ActiveCfg = Release|Win32
		{AF167CE4-C8DE-4534-82F7-C2883A81331F}.Release|x86.Build.0 = Release|Win32
		{023813C5-D540-4BF8-A487-1E86C4F2A45B}.Debug|x64.ActiveCfg = Debug|x64
		{023813C5-D540-4BF8-A487-1E86C4F2A45B}.Debug|x64.Build.0 = Debug|x64
		{023813C5-D540-4BF8-A487-1E86C4F2A45B}.Debug|x86.ActiveCfg = Debug|Win32
		{023813C5-D540-4BF8-A487-1E86C4F2A45B}.Debug|x86.Build.0 = Debug|Win32
		{023813C5-D540-4BF8-A487-1E86C4F2A45B}.Release|x64.ActiveCfg = Release|x64
		{023813C5-D540-4BF8-A487-1E86C4F2A45B}.Release|x64.Build.0 = Release|x64
		{023813C5-D540-4BF8-A487-1E86C4F2A45B}.Release|x86.ActiveCfg = Release|Win32
		{023813C5-D540-4BF8-A487-1E86C4F2A45B}.Release|x86.Build.0 = Release|Win32
		{16963E98-BBB5-4A32-9939-B2FD9B1A0E4E}.Debug|x64.ActiveCfg = Debug|x64
		{16963E98-BBB5-4A32-9939-B2FD9B1A0E4E}.Debug|x64.Build.0 = Debug|x64
		{16963E98-BBB5-4A32-9939-B2FD9B1A0E4E}.Debug|x86.ActiveCfg = Debug|Win32
		{16963E98-BBB5-4A32-9939-B2FD9B1A0E4E}.Debug|x86.Build.0 = Debug|Win32
		{16963E98-BBB5-4A32-9939-B2FD9B1A0E4E}.Release|x64.ActiveCfg = Release|x64
		{16963E98-BBB5-4A32-9939-B2FD9B1A0E4E}.Release|x64.Build.0 = Release|x64
		{16963E98-BBB5-4A32-9939-B2FD9B1A0E4E}.Release|x86.ActiveCfg = Release|Win32
		{16963E98-BBB5-4A32-9939-B2FD9B1A0E4E}.Release|x86.Build.0 = Release|Win32
		{7E98A7D2-B1F5-4973-8A2B-31724FFD5787}.Debug|x64.ActiveCfg = Debug|x64
		{7E98A7D2-B1F5-4973-8A2B-31724FFD5787}.Debug|x64.Build.0 = Debug|x64
		{7E98A7D2-B1F5-4973-8A2B-31724FFD5787}.Debug|x86.ActiveCfg = Debug|Win32
		{7E98A7D2-B1F5-4973-8A2B-31724FFD5787}.Debug|x86.Build.0 = Debug|Win32
		{7E98A7D2-B1F5-4973-8A2B-31724FFD5787}.Release|x64.ActiveCfg = Release|x64
		{7E98A7D2-B1F5-4973-8A2B-31724FFD5787}.Release|x64.Build.0 = Release|x64
		{7E98A7D2-B1F5-4973-8A2B-31724FFD5787}.Release|x86.ActiveCfg = Release|Win32
		{7E98A7D2-B1F5-4973-8A2B-31724FFD5787}.Release|x86.Build.0 = Release|Win32
		{76F2F9C7-8797-4958-9B79-ACA6452D6E82}.Debug|x64.ActiveCfg = Debug|x64
		{76F2F9C7-8797-4958-9B79-ACA6452D6E82}.Debug|x64.Build.0 = Debug|x64
		{76F2F9C7-8797-4958-9B79-ACA6452D6E82}.Debug|x86.ActiveCfg = Debug|Win32
		{76F2F9C7-8797-4958-9B79-ACA6452D6E82}.Debug|x86.Build.0 = Debug|Win32
		{76F2F9C7-8797-4958-9B79-ACA6452D6E82}.Release|x64.ActiveCfg = Release|x64
		{76F2F9C7-8797-4958-9B79-ACA6452D6E82}.Release|x64.Build.0 = Release|x64
		{76F2F9C7-8797-4958-9B79-ACA6452D6E82}.Release|x86.ActiveCfg = Release|Win32
		{76F2F9C7-8797-4958-9B79-ACA6452D6E82}.Release|x86.Build.0 = Release|Win32
		{43231DAB-E924-4CE7-AC07-5F2DE34A42E6}.Debug|x64.ActiveCfg = Debug|x64
		{43231DAB-E924-4CE7-AC07-5F2DE34A42E6}.Debug|x64.Build.0 = Debug|x64
		{43231DAB-E924-4CE7-AC07-5F2DE34A42E6}.Debug|x86.ActiveCfg = Debug|Win32
		{43231DAB-E924-4CE7-AC07-5F2DE34A42E6}.Debug|x86.Build.0 = Debug|Win32
		{43231DAB-E924-4CE7-AC07-5F2DE34A42E6}.Release|x64.ActiveCfg = Release|x64
		{43231DAB-E924-4CE7-AC07-5F2DE34A42E6}.Release|x64.Build.0 = Release|x64
		{43231DAB-E924-4CE7-AC07-5F2DE34A42E6}.Release|x86.ActiveCfg = Release|Win32
		{43231DAB-E924-4CE7-AC07-5F2DE34A42E6}.Release|x86.Build.0 = Release|Win32
		{D91B7A5F-49E7-4934-B79A-EB0B263D8049}.Debug|x64.ActiveCfg = Debug|x64
		{D91B7A5F-49E7-4934-B79A-EB0B263D8049}.Debug|x64.Build.0 = Debug|x64
		{D91B7A5F-49E7-4934-B79A-EB0B263D8049}.Debug|x86.ActiveCfg = Debug|Win32
		{D91B7A5F-49E7-4934-B79A-EB0B263D8049}.Debug|x86.Build.0 = Debug|Win32
		{D91B7A5F-49E7-4934-B79A-EB0B263D8049}.Release|x64.ActiveCfg = Release|x64
		{D91B7A5F-49E7-4934-B79A-EB0B263D8049}.Release|x64.Build.0 = Release|x64
		{D91B7A5F-49E7-4934-B79A-EB0B263D8049}.Release|x86.ActiveCfg = Release|Win32
		{D91B7A5F-49E7-4934-B79A-EB0B263D8049}.Release|x86.Build.0 = Release|Win32
	EndGlobalSection
	GlobalSection(SolutionProperties) = preSolution
		HideSolutionNode = FALSE
	EndGlobalSection
	GlobalSection(ExtensibilityGlobals) = postSolution
		SolutionGuid = {D0F89830-51AE-4CAD-BC62-203114EE435A}
	EndGlobalSection
EndGlobal
