
Microsoft Visual Studio Solution File, Format Version 12.00
# Visual Studio Version 16
VisualStudioVersion = 16.0.31005.135
MinimumVisualStudioVersion = 10.0.40219.1
Project("{FAE04EC0-301F-11D3-BF4B-00C04F79EFBC}") = "Forms", "Forms\Forms.csproj", "{D67C34E0-FBC5-4F1E-9701-E3191D5B8BC3}"
EndProject
Project("{FAE04EC0-301F-11D3-BF4B-00C04F79EFBC}") = "WCF", "WCF\WCF.csproj", "{B34AD0F3-9973-4D05-8B5B-57EDB5A4545D}"
EndProject
Project("{FAE04EC0-301F-11D3-BF4B-00C04F79EFBC}") = "Host", "Host\Host.csproj", "{9CE3DB87-EDAE-4FCB-8F81-25980FAD7679}"
EndProject
Global
	GlobalSection(SolutionConfigurationPlatforms) = preSolution
		Debug|Any CPU = Debug|Any CPU
		Release|Any CPU = Release|Any CPU
	EndGlobalSection
	GlobalSection(ProjectConfigurationPlatforms) = postSolution
		{D67C34E0-FBC5-4F1E-9701-E3191D5B8BC3}.Debug|Any CPU.ActiveCfg = Debug|Any CPU
		{D67C34E0-FBC5-4F1E-9701-E3191D5B8BC3}.Debug|Any CPU.Build.0 = Debug|Any CPU
		{D67C34E0-FBC5-4F1E-9701-E3191D5B8BC3}.Release|Any CPU.ActiveCfg = Release|Any CPU
		{D67C34E0-FBC5-4F1E-9701-E3191D5B8BC3}.Release|Any CPU.Build.0 = Release|Any CPU
		{B34AD0F3-9973-4D05-8B5B-57EDB5A4545D}.Debug|Any CPU.ActiveCfg = Debug|Any CPU
		{B34AD0F3-9973-4D05-8B5B-57EDB5A4545D}.Debug|Any CPU.Build.0 = Debug|Any CPU
		{B34AD0F3-9973-4D05-8B5B-57EDB5A4545D}.Release|Any CPU.ActiveCfg = Release|Any CPU
		{B34AD0F3-9973-4D05-8B5B-57EDB5A4545D}.Release|Any CPU.Build.0 = Release|Any CPU
		{9CE3DB87-EDAE-4FCB-8F81-25980FAD7679}.Debug|Any CPU.ActiveCfg = Debug|Any CPU
		{9CE3DB87-EDAE-4FCB-8F81-25980FAD7679}.Debug|Any CPU.Build.0 = Debug|Any CPU
		{9CE3DB87-EDAE-4FCB-8F81-25980FAD7679}.Release|Any CPU.ActiveCfg = Release|Any CPU
		{9CE3DB87-EDAE-4FCB-8F81-25980FAD7679}.Release|Any CPU.Build.0 = Release|Any CPU
	EndGlobalSection
	GlobalSection(SolutionProperties) = preSolution
		HideSolutionNode = FALSE
	EndGlobalSection
	GlobalSection(ExtensibilityGlobals) = postSolution
		SolutionGuid = {64EE6801-26B5-4208-B3E4-A4385CD7A371}
	EndGlobalSection
EndGlobal
